
Microsoft Visual Studio Solution File, Format Version 12.00
# Visual Studio Version 16
VisualStudioVersion = 16.0.31702.278
MinimumVisualStudioVersion = 10.0.40219.1
Project("{FAE04EC0-301F-11D3-BF4B-00C04F79EFBC}") = "Task1", "Task1\Task1.csproj", "{315C2FFF-EC75-4434-BF1E-DBFB33217326}"
EndProject
Project("{FAE04EC0-301F-11D3-BF4B-00C04F79EFBC}") = "Task2", "ConsoleApp1\Task2.csproj", "{B16FF7DD-995F-4475-BAF4-B19CC8005CF3}"
EndProject
Global
	GlobalSection(SolutionConfigurationPlatforms) = preSolution
		Debug|Any CPU = Debug|Any CPU
		Release|Any CPU = Release|Any CPU
	EndGlobalSection
	GlobalSection(ProjectConfigurationPlatforms) = postSolution
		{315C2FFF-EC75-4434-BF1E-DBFB33217326}.Debug|Any CPU.ActiveCfg = Debug|Any CPU
		{315C2FFF-EC75-4434-BF1E-DBFB33217326}.Debug|Any CPU.Build.0 = Debug|Any CPU
		{315C2FFF-EC75-4434-BF1E-DBFB33217326}.Release|Any CPU.ActiveCfg = Release|Any CPU
		{315C2FFF-EC75-4434-BF1E-DBFB33217326}.Release|Any CPU.Build.0 = Release|Any CPU
		{B16FF7DD-995F-4475-BAF4-B19CC8005CF3}.Debug|Any CPU.ActiveCfg = Debug|Any CPU
		{B16FF7DD-995F-4475-BAF4-B19CC8005CF3}.Debug|Any CPU.Build.0 = Debug|Any CPU
		{B16FF7DD-995F-4475-BAF4-B19CC8005CF3}.Release|Any CPU.ActiveCfg = Release|Any CPU
		{B16FF7DD-995F-4475-BAF4-B19CC8005CF3}.Release|Any CPU.Build.0 = Release|Any CPU
	EndGlobalSection
	GlobalSection(SolutionProperties) = preSolution
		HideSolutionNode = FALSE
	EndGlobalSection
	GlobalSection(ExtensibilityGlobals) = postSolution
		SolutionGuid = {06211204-0DBD-4713-B1F8-DD1479B517BB}
	EndGlobalSection
EndGlobal
