
Microsoft Visual Studio Solution File, Format Version 12.00
# Visual Studio Version 16
VisualStudioVersion = 16.0.31702.278
MinimumVisualStudioVersion = 10.0.40219.1
Project("{9A19103F-16F7-4668-BE54-9A1E7A4F7556}") = "Task1", "Task1\Task1.csproj", "{63A8EC70-2D1C-47BC-BA7F-FD7D2DB3B979}"
EndProject
Project("{9A19103F-16F7-4668-BE54-9A1E7A4F7556}") = "Task2", "Task2\Task2.csproj", "{730F69FA-09D6-4344-88CC-312C8AA3D0A7}"
EndProject
Project("{FAE04EC0-301F-11D3-BF4B-00C04F79EFBC}") = "ConsoleApp2", "ConsoleApp2\ConsoleApp2.csproj", "{0593ABC2-8497-4431-970E-D54F9907EDBB}"
EndProject
Global
	GlobalSection(SolutionConfigurationPlatforms) = preSolution
		Debug|Any CPU = Debug|Any CPU
		Release|Any CPU = Release|Any CPU
	EndGlobalSection
	GlobalSection(ProjectConfigurationPlatforms) = postSolution
		{63A8EC70-2D1C-47BC-BA7F-FD7D2DB3B979}.Debug|Any CPU.ActiveCfg = Debug|Any CPU
		{63A8EC70-2D1C-47BC-BA7F-FD7D2DB3B979}.Debug|Any CPU.Build.0 = Debug|Any CPU
		{63A8EC70-2D1C-47BC-BA7F-FD7D2DB3B979}.Release|Any CPU.ActiveCfg = Release|Any CPU
		{63A8EC70-2D1C-47BC-BA7F-FD7D2DB3B979}.Release|Any CPU.Build.0 = Release|Any CPU
		{730F69FA-09D6-4344-88CC-312C8AA3D0A7}.Debug|Any CPU.ActiveCfg = Debug|Any CPU
		{730F69FA-09D6-4344-88CC-312C8AA3D0A7}.Debug|Any CPU.Build.0 = Debug|Any CPU
		{730F69FA-09D6-4344-88CC-312C8AA3D0A7}.Release|Any CPU.ActiveCfg = Release|Any CPU
		{730F69FA-09D6-4344-88CC-312C8AA3D0A7}.Release|Any CPU.Build.0 = Release|Any CPU
		{0593ABC2-8497-4431-970E-D54F9907EDBB}.Debug|Any CPU.ActiveCfg = Debug|Any CPU
		{0593ABC2-8497-4431-970E-D54F9907EDBB}.Debug|Any CPU.Build.0 = Debug|Any CPU
		{0593ABC2-8497-4431-970E-D54F9907EDBB}.Release|Any CPU.ActiveCfg = Release|Any CPU
		{0593ABC2-8497-4431-970E-D54F9907EDBB}.Release|Any CPU.Build.0 = Release|Any CPU
	EndGlobalSection
	GlobalSection(SolutionProperties) = preSolution
		HideSolutionNode = FALSE
	EndGlobalSection
	GlobalSection(ExtensibilityGlobals) = postSolution
		SolutionGuid = {B1A9CCAE-CA38-49C1-A42E-838214BB2825}
	EndGlobalSection
EndGlobal
