
Microsoft Visual Studio Solution File, Format Version 12.00
# Visual Studio Version 16
VisualStudioVersion = 16.0.31702.278
MinimumVisualStudioVersion = 10.0.40219.1
Project("{9A19103F-16F7-4668-BE54-9A1E7A4F7556}") = "Task1", "Task1\Task1.csproj", "{03A5B07F-41EF-444F-B719-DE80CBD7496C}"
EndProject
Project("{9A19103F-16F7-4668-BE54-9A1E7A4F7556}") = "Task2", "Task2\Task2.csproj", "{6DE935AA-7A15-4D31-9E1D-C9AD0AF49F45}"
EndProject
Project("{FAE04EC0-301F-11D3-BF4B-00C04F79EFBC}") = "Task3", "Task3\Task3.csproj", "{B1DC35AF-031A-454E-BF2C-227EC13FBF99}"
EndProject
Global
	GlobalSection(SolutionConfigurationPlatforms) = preSolution
		Debug|Any CPU = Debug|Any CPU
		Release|Any CPU = Release|Any CPU
	EndGlobalSection
	GlobalSection(ProjectConfigurationPlatforms) = postSolution
		{03A5B07F-41EF-444F-B719-DE80CBD7496C}.Debug|Any CPU.ActiveCfg = Debug|Any CPU
		{03A5B07F-41EF-444F-B719-DE80CBD7496C}.Debug|Any CPU.Build.0 = Debug|Any CPU
		{03A5B07F-41EF-444F-B719-DE80CBD7496C}.Release|Any CPU.ActiveCfg = Release|Any CPU
		{03A5B07F-41EF-444F-B719-DE80CBD7496C}.Release|Any CPU.Build.0 = Release|Any CPU
		{6DE935AA-7A15-4D31-9E1D-C9AD0AF49F45}.Debug|Any CPU.ActiveCfg = Debug|Any CPU
		{6DE935AA-7A15-4D31-9E1D-C9AD0AF49F45}.Debug|Any CPU.Build.0 = Debug|Any CPU
		{6DE935AA-7A15-4D31-9E1D-C9AD0AF49F45}.Release|Any CPU.ActiveCfg = Release|Any CPU
		{6DE935AA-7A15-4D31-9E1D-C9AD0AF49F45}.Release|Any CPU.Build.0 = Release|Any CPU
		{B1DC35AF-031A-454E-BF2C-227EC13FBF99}.Debug|Any CPU.ActiveCfg = Debug|Any CPU
		{B1DC35AF-031A-454E-BF2C-227EC13FBF99}.Debug|Any CPU.Build.0 = Debug|Any CPU
		{B1DC35AF-031A-454E-BF2C-227EC13FBF99}.Release|Any CPU.ActiveCfg = Release|Any CPU
		{B1DC35AF-031A-454E-BF2C-227EC13FBF99}.Release|Any CPU.Build.0 = Release|Any CPU
	EndGlobalSection
	GlobalSection(SolutionProperties) = preSolution
		HideSolutionNode = FALSE
	EndGlobalSection
	GlobalSection(ExtensibilityGlobals) = postSolution
		SolutionGuid = {D41A82A3-B126-4DB8-86A4-98A5049CB700}
	EndGlobalSection
EndGlobal
